
Microsoft Visual Studio Solution File, Format Version 12.00
# Visual Studio Version 17
VisualStudioVersion = 17.7.34221.43
MinimumVisualStudioVersion = 10.0.40219.1
Project("{FAE04EC0-301F-11D3-BF4B-00C04F79EFBC}") = "Task02", "Task02.csproj", "{3AC035DC-9842-4B91-B9FB-530048C87212}"
EndProject
Global
	GlobalSection(SolutionConfigurationPlatforms) = preSolution
		Debug|Any CPU = Debug|Any CPU
		Release|Any CPU = Release|Any CPU
	EndGlobalSection
	GlobalSection(ProjectConfigurationPlatforms) = postSolution
		{3AC035DC-9842-4B91-B9FB-530048C87212}.Debug|Any CPU.ActiveCfg = Debug|Any CPU
		{3AC035DC-9842-4B91-B9FB-530048C87212}.Debug|Any CPU.Build.0 = Debug|Any CPU
		{3AC035DC-9842-4B91-B9FB-530048C87212}.Release|Any CPU.ActiveCfg = Release|Any CPU
		{3AC035DC-9842-4B91-B9FB-530048C87212}.Release|Any CPU.Build.0 = Release|Any CPU
	EndGlobalSection
	GlobalSection(SolutionProperties) = preSolution
		HideSolutionNode = FALSE
	EndGlobalSection
	GlobalSection(ExtensibilityGlobals) = postSolution
		SolutionGuid = {127A6194-300C-44F3-A7B5-268C5B37BD0B}
	EndGlobalSection
EndGlobal
