
Microsoft Visual Studio Solution File, Format Version 12.00
# Visual Studio Version 17
VisualStudioVersion = 17.7.34221.43
MinimumVisualStudioVersion = 10.0.40219.1
Project("{FAE04EC0-301F-11D3-BF4B-00C04F79EFBC}") = "Employees", "Employees\Employees.csproj", "{EBAC8A36-EACE-49B7-9909-DF51A3618453}"
EndProject
Global
	GlobalSection(SolutionConfigurationPlatforms) = preSolution
		Debug|Any CPU = Debug|Any CPU
		Release|Any CPU = Release|Any CPU
	EndGlobalSection
	GlobalSection(ProjectConfigurationPlatforms) = postSolution
		{EBAC8A36-EACE-49B7-9909-DF51A3618453}.Debug|Any CPU.ActiveCfg = Debug|Any CPU
		{EBAC8A36-EACE-49B7-9909-DF51A3618453}.Debug|Any CPU.Build.0 = Debug|Any CPU
		{EBAC8A36-EACE-49B7-9909-DF51A3618453}.Release|Any CPU.ActiveCfg = Release|Any CPU
		{EBAC8A36-EACE-49B7-9909-DF51A3618453}.Release|Any CPU.Build.0 = Release|Any CPU
	EndGlobalSection
	GlobalSection(SolutionProperties) = preSolution
		HideSolutionNode = FALSE
	EndGlobalSection
	GlobalSection(ExtensibilityGlobals) = postSolution
		SolutionGuid = {BB913705-8A1E-4554-8606-4B08CF339BAD}
	EndGlobalSection
EndGlobal
